// !$*UTF8*$!
{
	archiveVersion = 1;
	classes = {
	};
	objectVersion = 52;
	objects = {

/* Begin PBXBuildFile section */
		AD0D9FB226D4A16500C88FC6 /* NavigationSearchBarModifier.swift in Sources */ = {isa = PBXBuildFile; fileRef = AD0D9FB126D4A16500C88FC6 /* NavigationSearchBarModifier.swift */; };
		AD0D9FB426D5551500C88FC6 /* NetworkService.swift in Sources */ = {isa = PBXBuildFile; fileRef = AD0D9FB326D5551500C88FC6 /* NetworkService.swift */; };
		AD0D9FBC26D55AD400C88FC6 /* ActivityIndicatorView in Frameworks */ = {isa = PBXBuildFile; productRef = AD0D9FBB26D55AD400C88FC6 /* ActivityIndicatorView */; };
		AD0D9FBF26D55C4F00C88FC6 /* LoadingView.swift in Sources */ = {isa = PBXBuildFile; fileRef = AD0D9FBE26D55C4F00C88FC6 /* LoadingView.swift */; };
		AD596E6626D34713003A67D4 /* AppPageServerViewModel.swift in Sources */ = {isa = PBXBuildFile; fileRef = AD596E6526D34713003A67D4 /* AppPageServerViewModel.swift */; };
		AD596E6A26D35B2A003A67D4 /* TestTabbarNaviView.swift in Sources */ = {isa = PBXBuildFile; fileRef = AD596E6926D35B2A003A67D4 /* TestTabbarNaviView.swift */; };
		AD62436326CEB06B00516DD5 /* HouseView.swift in Sources */ = {isa = PBXBuildFile; fileRef = AD62436226CEB06B00516DD5 /* HouseView.swift */; };
		AD62436626CEB2B900516DD5 /* View+innerShadow.swift in Sources */ = {isa = PBXBuildFile; fileRef = AD62436526CEB2B900516DD5 /* View+innerShadow.swift */; };
		AD62439526CF6CAD00516DD5 /* BubbleView.swift in Sources */ = {isa = PBXBuildFile; fileRef = AD62439426CF6CAD00516DD5 /* BubbleView.swift */; };
		AD62439C26CF9B8500516DD5 /* TabButton.swift in Sources */ = {isa = PBXBuildFile; fileRef = AD62439A26CF9B8500516DD5 /* TabButton.swift */; };
		AD6243D626CFB22600516DD5 /* CustomSheetView.swift in Sources */ = {isa = PBXBuildFile; fileRef = AD6243D526CFB22600516DD5 /* CustomSheetView.swift */; };
		AD6243E426D0074E00516DD5 /* PatentsView.swift in Sources */ = {isa = PBXBuildFile; fileRef = AD6243E326D0074E00516DD5 /* PatentsView.swift */; };
		AD6243E626D00F5500516DD5 /* TrademarkView.swift in Sources */ = {isa = PBXBuildFile; fileRef = AD6243E526D00F5500516DD5 /* TrademarkView.swift */; };
		AD6243E826D0115600516DD5 /* CopyrightView.swift in Sources */ = {isa = PBXBuildFile; fileRef = AD6243E726D0115600516DD5 /* CopyrightView.swift */; };
		AD62445226D022B600516DD5 /* AAInfographics in Frameworks */ = {isa = PBXBuildFile; productRef = AD62445126D022B600516DD5 /* AAInfographics */; };
		AD62445526D022E300516DD5 /* PTCPeiChartView.swift in Sources */ = {isa = PBXBuildFile; fileRef = AD62445426D022E300516DD5 /* PTCPeiChartView.swift */; };
		AD62445726D0242900516DD5 /* Enum.swift in Sources */ = {isa = PBXBuildFile; fileRef = AD62445626D0242900516DD5 /* Enum.swift */; };
		AD62446126D0E7DE00516DD5 /* PTCYearColumnView.swift in Sources */ = {isa = PBXBuildFile; fileRef = AD62446026D0E7DE00516DD5 /* PTCYearColumnView.swift */; };
		AD62449526D0F52C00516DD5 /* BottomSheetPosition.swift in Sources */ = {isa = PBXBuildFile; fileRef = AD62448E26D0F52C00516DD5 /* BottomSheetPosition.swift */; };
		AD62449626D0F52C00516DD5 /* BottomSheet.swift in Sources */ = {isa = PBXBuildFile; fileRef = AD62448F26D0F52C00516DD5 /* BottomSheet.swift */; };
		AD62449726D0F52C00516DD5 /* BottomSheetView.swift in Sources */ = {isa = PBXBuildFile; fileRef = AD62449026D0F52C00516DD5 /* BottomSheetView.swift */; };
		AD62449826D0F52C00516DD5 /* ViewExtension.swift in Sources */ = {isa = PBXBuildFile; fileRef = AD62449126D0F52C00516DD5 /* ViewExtension.swift */; };
		AD62449926D0F52C00516DD5 /* RoundedCorner.swift in Sources */ = {isa = PBXBuildFile; fileRef = AD62449326D0F52C00516DD5 /* RoundedCorner.swift */; };
		AD62449A26D0F52C00516DD5 /* EffectView.swift in Sources */ = {isa = PBXBuildFile; fileRef = AD62449426D0F52C00516DD5 /* EffectView.swift */; };
		AD62449C26D11A5300516DD5 /* PercapitaChartView.swift in Sources */ = {isa = PBXBuildFile; fileRef = AD62449B26D11A5300516DD5 /* PercapitaChartView.swift */; };
		AD62449E26D11BC800516DD5 /* IUAPieChartView.swift in Sources */ = {isa = PBXBuildFile; fileRef = AD62449D26D11BC800516DD5 /* IUAPieChartView.swift */; };
		AD6244A026D11C7000516DD5 /* IUAChartView.swift in Sources */ = {isa = PBXBuildFile; fileRef = AD62449F26D11C7000516DD5 /* IUAChartView.swift */; };
		ADC681B426D1F85900E7F005 /* HomeLogo.json in Resources */ = {isa = PBXBuildFile; fileRef = ADC681B326D1F85900E7F005 /* HomeLogo.json */; };
		ADC681B726D1FBDC00E7F005 /* AnnouncementCenterView.swift in Sources */ = {isa = PBXBuildFile; fileRef = ADC681B626D1FBDC00E7F005 /* AnnouncementCenterView.swift */; };
		ADC681B926D1FD9B00E7F005 /* View+NavigationBackButtonStyle.swift in Sources */ = {isa = PBXBuildFile; fileRef = ADC681B826D1FD9B00E7F005 /* View+NavigationBackButtonStyle.swift */; };
		ADC681BB26D2063300E7F005 /* AnnouncementModel.swift in Sources */ = {isa = PBXBuildFile; fileRef = ADC681BA26D2063300E7F005 /* AnnouncementModel.swift */; };
		ADC681BD26D206E200E7F005 /* AnnouncenmentViewModel.swift in Sources */ = {isa = PBXBuildFile; fileRef = ADC681BC26D206E200E7F005 /* AnnouncenmentViewModel.swift */; };
		ADC681BF26D20B8500E7F005 /* Utils.swift in Sources */ = {isa = PBXBuildFile; fileRef = ADC681BE26D20B8500E7F005 /* Utils.swift */; };
		ADF57A4826CE39D2008F570E /* IPPlatformIOSApp.swift in Sources */ = {isa = PBXBuildFile; fileRef = ADF57A4726CE39D2008F570E /* IPPlatformIOSApp.swift */; };
		ADF57A4A26CE39D2008F570E /* ContentView.swift in Sources */ = {isa = PBXBuildFile; fileRef = ADF57A4926CE39D2008F570E /* ContentView.swift */; };
		ADF57A4C26CE39D4008F570E /* Assets.xcassets in Resources */ = {isa = PBXBuildFile; fileRef = ADF57A4B26CE39D4008F570E /* Assets.xcassets */; };
		ADF57A4F26CE39D4008F570E /* Preview Assets.xcassets in Resources */ = {isa = PBXBuildFile; fileRef = ADF57A4E26CE39D4008F570E /* Preview Assets.xcassets */; };
		ADF57A5826CE3A37008F570E /* Lottie in Frameworks */ = {isa = PBXBuildFile; productRef = ADF57A5726CE3A37008F570E /* Lottie */; };
		ADF57A5C26CE3A66008F570E /* LottieView.swift in Sources */ = {isa = PBXBuildFile; fileRef = ADF57A5B26CE3A66008F570E /* LottieView.swift */; };
		ADF57A5F26CE3AA8008F570E /* LaunchView.swift in Sources */ = {isa = PBXBuildFile; fileRef = ADF57A5E26CE3AA8008F570E /* LaunchView.swift */; };
		ADF57A6426CE4142008F570E /* BlurView.swift in Sources */ = {isa = PBXBuildFile; fileRef = ADF57A6326CE4142008F570E /* BlurView.swift */; };
		ADF57A6B26CE4A1F008F570E /* Content.swift in Sources */ = {isa = PBXBuildFile; fileRef = ADF57A6A26CE4A1F008F570E /* Content.swift */; };
		ADF57A7126CE4FA8008F570E /* Montserrat-Bold.ttf in Resources */ = {isa = PBXBuildFile; fileRef = ADF57A6E26CE4FA8008F570E /* Montserrat-Bold.ttf */; };
		ADF57A7226CE4FA8008F570E /* Montserrat-Regular.ttf in Resources */ = {isa = PBXBuildFile; fileRef = ADF57A6F26CE4FA8008F570E /* Montserrat-Regular.ttf */; };
		ADF57A7326CE4FA8008F570E /* Montserrat-ExtraBold.ttf in Resources */ = {isa = PBXBuildFile; fileRef = ADF57A7026CE4FA8008F570E /* Montserrat-ExtraBold.ttf */; };
		ADF57A7526CE566C008F570E /* BackgroundView.swift in Sources */ = {isa = PBXBuildFile; fileRef = ADF57A7426CE566C008F570E /* BackgroundView.swift */; };
		ADF57A7926CE61A4008F570E /* CustomSecureField.swift in Sources */ = {isa = PBXBuildFile; fileRef = ADF57A7826CE61A4008F570E /* CustomSecureField.swift */; };
		ADF57A7B26CE65DE008F570E /* CustomButton.swift in Sources */ = {isa = PBXBuildFile; fileRef = ADF57A7A26CE65DE008F570E /* CustomButton.swift */; };
		ADF57A7E26CE6AEA008F570E /* HomeView.swift in Sources */ = {isa = PBXBuildFile; fileRef = ADF57A7D26CE6AEA008F570E /* HomeView.swift */; };
		ADF57A8A26CE7D59008F570E /* UserProfileViewModel.swift in Sources */ = {isa = PBXBuildFile; fileRef = ADF57A8126CE7D59008F570E /* UserProfileViewModel.swift */; };
		ADF57A8B26CE7D59008F570E /* UserRepository.swift in Sources */ = {isa = PBXBuildFile; fileRef = ADF57A8326CE7D59008F570E /* UserRepository.swift */; };
		ADF57A8C26CE7D59008F570E /* User.swift in Sources */ = {isa = PBXBuildFile; fileRef = ADF57A8526CE7D59008F570E /* User.swift */; };
		ADF57A8D26CE7D59008F570E /* UserView.swift in Sources */ = {isa = PBXBuildFile; fileRef = ADF57A8726CE7D59008F570E /* UserView.swift */; };
		ADF57A8E26CE7D59008F570E /* UserApiService.swift in Sources */ = {isa = PBXBuildFile; fileRef = ADF57A8926CE7D59008F570E /* UserApiService.swift */; };
		ADF57A9126CE7DD8008F570E /* LazyView.swift in Sources */ = {isa = PBXBuildFile; fileRef = ADF57A9026CE7DD8008F570E /* LazyView.swift */; };
		ADF57AA026CE7ECF008F570E /* OnboardingDataModel.swift in Sources */ = {isa = PBXBuildFile; fileRef = ADF57A9D26CE7ECF008F570E /* OnboardingDataModel.swift */; };
		ADF57AA126CE7ECF008F570E /* OnboardingStepView.swift in Sources */ = {isa = PBXBuildFile; fileRef = ADF57A9E26CE7ECF008F570E /* OnboardingStepView.swift */; };
		ADF57AA226CE7ECF008F570E /* OnboardingViewPure.swift in Sources */ = {isa = PBXBuildFile; fileRef = ADF57A9F26CE7ECF008F570E /* OnboardingViewPure.swift */; };
/* End PBXBuildFile section */

/* Begin PBXFileReference section */
		AD0D9FB126D4A16500C88FC6 /* NavigationSearchBarModifier.swift */ = {isa = PBXFileReference; fileEncoding = 4; lastKnownFileType = sourcecode.swift; path = NavigationSearchBarModifier.swift; sourceTree = "<group>"; };
		AD0D9FB326D5551500C88FC6 /* NetworkService.swift */ = {isa = PBXFileReference; lastKnownFileType = sourcecode.swift; path = NetworkService.swift; sourceTree = "<group>"; };
		AD0D9FBE26D55C4F00C88FC6 /* LoadingView.swift */ = {isa = PBXFileReference; lastKnownFileType = sourcecode.swift; path = LoadingView.swift; sourceTree = "<group>"; };
		AD596E6526D34713003A67D4 /* AppPageServerViewModel.swift */ = {isa = PBXFileReference; lastKnownFileType = sourcecode.swift; path = AppPageServerViewModel.swift; sourceTree = "<group>"; };
		AD596E6926D35B2A003A67D4 /* TestTabbarNaviView.swift */ = {isa = PBXFileReference; lastKnownFileType = sourcecode.swift; path = TestTabbarNaviView.swift; sourceTree = "<group>"; };
		AD62436226CEB06B00516DD5 /* HouseView.swift */ = {isa = PBXFileReference; lastKnownFileType = sourcecode.swift; path = HouseView.swift; sourceTree = "<group>"; };
		AD62436526CEB2B900516DD5 /* View+innerShadow.swift */ = {isa = PBXFileReference; lastKnownFileType = sourcecode.swift; path = "View+innerShadow.swift"; sourceTree = "<group>"; };
		AD62439426CF6CAD00516DD5 /* BubbleView.swift */ = {isa = PBXFileReference; lastKnownFileType = sourcecode.swift; path = BubbleView.swift; sourceTree = "<group>"; };
		AD62439A26CF9B8500516DD5 /* TabButton.swift */ = {isa = PBXFileReference; fileEncoding = 4; lastKnownFileType = sourcecode.swift; path = TabButton.swift; sourceTree = "<group>"; };
		AD62439B26CF9B8500516DD5 /* TabBar.swift */ = {isa = PBXFileReference; fileEncoding = 4; lastKnownFileType = sourcecode.swift; path = TabBar.swift; sourceTree = "<group>"; };
		AD6243D526CFB22600516DD5 /* CustomSheetView.swift */ = {isa = PBXFileReference; lastKnownFileType = sourcecode.swift; path = CustomSheetView.swift; sourceTree = "<group>"; };
		AD6243E326D0074E00516DD5 /* PatentsView.swift */ = {isa = PBXFileReference; lastKnownFileType = sourcecode.swift; path = PatentsView.swift; sourceTree = "<group>"; };
		AD6243E526D00F5500516DD5 /* TrademarkView.swift */ = {isa = PBXFileReference; lastKnownFileType = sourcecode.swift; path = TrademarkView.swift; sourceTree = "<group>"; };
		AD6243E726D0115600516DD5 /* CopyrightView.swift */ = {isa = PBXFileReference; lastKnownFileType = sourcecode.swift; path = CopyrightView.swift; sourceTree = "<group>"; };
		AD62445426D022E300516DD5 /* PTCPeiChartView.swift */ = {isa = PBXFileReference; lastKnownFileType = sourcecode.swift; path = PTCPeiChartView.swift; sourceTree = "<group>"; };
		AD62445626D0242900516DD5 /* Enum.swift */ = {isa = PBXFileReference; lastKnownFileType = sourcecode.swift; path = Enum.swift; sourceTree = "<group>"; };
		AD62446026D0E7DE00516DD5 /* PTCYearColumnView.swift */ = {isa = PBXFileReference; lastKnownFileType = sourcecode.swift; path = PTCYearColumnView.swift; sourceTree = "<group>"; };
		AD62448E26D0F52C00516DD5 /* BottomSheetPosition.swift */ = {isa = PBXFileReference; fileEncoding = 4; lastKnownFileType = sourcecode.swift; path = BottomSheetPosition.swift; sourceTree = "<group>"; };
		AD62448F26D0F52C00516DD5 /* BottomSheet.swift */ = {isa = PBXFileReference; fileEncoding = 4; lastKnownFileType = sourcecode.swift; path = BottomSheet.swift; sourceTree = "<group>"; };
		AD62449026D0F52C00516DD5 /* BottomSheetView.swift */ = {isa = PBXFileReference; fileEncoding = 4; lastKnownFileType = sourcecode.swift; path = BottomSheetView.swift; sourceTree = "<group>"; };
		AD62449126D0F52C00516DD5 /* ViewExtension.swift */ = {isa = PBXFileReference; fileEncoding = 4; lastKnownFileType = sourcecode.swift; path = ViewExtension.swift; sourceTree = "<group>"; };
		AD62449326D0F52C00516DD5 /* RoundedCorner.swift */ = {isa = PBXFileReference; fileEncoding = 4; lastKnownFileType = sourcecode.swift; path = RoundedCorner.swift; sourceTree = "<group>"; };
		AD62449426D0F52C00516DD5 /* EffectView.swift */ = {isa = PBXFileReference; fileEncoding = 4; lastKnownFileType = sourcecode.swift; path = EffectView.swift; sourceTree = "<group>"; };
		AD62449B26D11A5300516DD5 /* PercapitaChartView.swift */ = {isa = PBXFileReference; lastKnownFileType = sourcecode.swift; path = PercapitaChartView.swift; sourceTree = "<group>"; };
		AD62449D26D11BC800516DD5 /* IUAPieChartView.swift */ = {isa = PBXFileReference; lastKnownFileType = sourcecode.swift; path = IUAPieChartView.swift; sourceTree = "<group>"; };
		AD62449F26D11C7000516DD5 /* IUAChartView.swift */ = {isa = PBXFileReference; lastKnownFileType = sourcecode.swift; path = IUAChartView.swift; sourceTree = "<group>"; };
		ADC681B326D1F85900E7F005 /* HomeLogo.json */ = {isa = PBXFileReference; fileEncoding = 4; lastKnownFileType = text.json; path = HomeLogo.json; sourceTree = "<group>"; };
		ADC681B626D1FBDC00E7F005 /* AnnouncementCenterView.swift */ = {isa = PBXFileReference; lastKnownFileType = sourcecode.swift; path = AnnouncementCenterView.swift; sourceTree = "<group>"; };
		ADC681B826D1FD9B00E7F005 /* View+NavigationBackButtonStyle.swift */ = {isa = PBXFileReference; lastKnownFileType = sourcecode.swift; path = "View+NavigationBackButtonStyle.swift"; sourceTree = "<group>"; };
		ADC681BA26D2063300E7F005 /* AnnouncementModel.swift */ = {isa = PBXFileReference; lastKnownFileType = sourcecode.swift; path = AnnouncementModel.swift; sourceTree = "<group>"; };
		ADC681BC26D206E200E7F005 /* AnnouncenmentViewModel.swift */ = {isa = PBXFileReference; lastKnownFileType = sourcecode.swift; path = AnnouncenmentViewModel.swift; sourceTree = "<group>"; };
		ADC681BE26D20B8500E7F005 /* Utils.swift */ = {isa = PBXFileReference; lastKnownFileType = sourcecode.swift; path = Utils.swift; sourceTree = "<group>"; };
		ADF57A4426CE39D2008F570E /* IPPlatformIOS.app */ = {isa = PBXFileReference; explicitFileType = wrapper.application; includeInIndex = 0; path = IPPlatformIOS.app; sourceTree = BUILT_PRODUCTS_DIR; };
		ADF57A4726CE39D2008F570E /* IPPlatformIOSApp.swift */ = {isa = PBXFileReference; lastKnownFileType = sourcecode.swift; path = IPPlatformIOSApp.swift; sourceTree = "<group>"; };
		ADF57A4926CE39D2008F570E /* ContentView.swift */ = {isa = PBXFileReference; lastKnownFileType = sourcecode.swift; path = ContentView.swift; sourceTree = "<group>"; };
		ADF57A4B26CE39D4008F570E /* Assets.xcassets */ = {isa = PBXFileReference; lastKnownFileType = folder.assetcatalog; path = Assets.xcassets; sourceTree = "<group>"; };
		ADF57A4E26CE39D4008F570E /* Preview Assets.xcassets */ = {isa = PBXFileReference; lastKnownFileType = folder.assetcatalog; path = "Preview Assets.xcassets"; sourceTree = "<group>"; };
		ADF57A5026CE39D4008F570E /* Info.plist */ = {isa = PBXFileReference; lastKnownFileType = text.plist.xml; path = Info.plist; sourceTree = "<group>"; };
		ADF57A5B26CE3A66008F570E /* LottieView.swift */ = {isa = PBXFileReference; lastKnownFileType = sourcecode.swift; path = LottieView.swift; sourceTree = "<group>"; };
		ADF57A5E26CE3AA8008F570E /* LaunchView.swift */ = {isa = PBXFileReference; lastKnownFileType = sourcecode.swift; path = LaunchView.swift; sourceTree = "<group>"; };
		ADF57A6326CE4142008F570E /* BlurView.swift */ = {isa = PBXFileReference; lastKnownFileType = sourcecode.swift; path = BlurView.swift; sourceTree = "<group>"; };
		ADF57A6A26CE4A1F008F570E /* Content.swift */ = {isa = PBXFileReference; lastKnownFileType = sourcecode.swift; path = Content.swift; sourceTree = "<group>"; };
		ADF57A6E26CE4FA8008F570E /* Montserrat-Bold.ttf */ = {isa = PBXFileReference; lastKnownFileType = file; path = "Montserrat-Bold.ttf"; sourceTree = "<group>"; };
		ADF57A6F26CE4FA8008F570E /* Montserrat-Regular.ttf */ = {isa = PBXFileReference; lastKnownFileType = file; path = "Montserrat-Regular.ttf"; sourceTree = "<group>"; };
		ADF57A7026CE4FA8008F570E /* Montserrat-ExtraBold.ttf */ = {isa = PBXFileReference; lastKnownFileType = file; path = "Montserrat-ExtraBold.ttf"; sourceTree = "<group>"; };
		ADF57A7426CE566C008F570E /* BackgroundView.swift */ = {isa = PBXFileReference; lastKnownFileType = sourcecode.swift; path = BackgroundView.swift; sourceTree = "<group>"; };
		ADF57A7826CE61A4008F570E /* CustomSecureField.swift */ = {isa = PBXFileReference; lastKnownFileType = sourcecode.swift; path = CustomSecureField.swift; sourceTree = "<group>"; };
		ADF57A7A26CE65DE008F570E /* CustomButton.swift */ = {isa = PBXFileReference; lastKnownFileType = sourcecode.swift; path = CustomButton.swift; sourceTree = "<group>"; };
		ADF57A7D26CE6AEA008F570E /* HomeView.swift */ = {isa = PBXFileReference; lastKnownFileType = sourcecode.swift; path = HomeView.swift; sourceTree = "<group>"; };
		ADF57A8126CE7D59008F570E /* UserProfileViewModel.swift */ = {isa = PBXFileReference; fileEncoding = 4; lastKnownFileType = sourcecode.swift; path = UserProfileViewModel.swift; sourceTree = "<group>"; };
		ADF57A8326CE7D59008F570E /* UserRepository.swift */ = {isa = PBXFileReference; fileEncoding = 4; lastKnownFileType = sourcecode.swift; path = UserRepository.swift; sourceTree = "<group>"; };
		ADF57A8526CE7D59008F570E /* User.swift */ = {isa = PBXFileReference; fileEncoding = 4; lastKnownFileType = sourcecode.swift; path = User.swift; sourceTree = "<group>"; };
		ADF57A8726CE7D59008F570E /* UserView.swift */ = {isa = PBXFileReference; fileEncoding = 4; lastKnownFileType = sourcecode.swift; path = UserView.swift; sourceTree = "<group>"; };
		ADF57A8926CE7D59008F570E /* UserApiService.swift */ = {isa = PBXFileReference; fileEncoding = 4; lastKnownFileType = sourcecode.swift; path = UserApiService.swift; sourceTree = "<group>"; };
		ADF57A9026CE7DD8008F570E /* LazyView.swift */ = {isa = PBXFileReference; fileEncoding = 4; lastKnownFileType = sourcecode.swift; path = LazyView.swift; sourceTree = "<group>"; };
		ADF57A9D26CE7ECF008F570E /* OnboardingDataModel.swift */ = {isa = PBXFileReference; fileEncoding = 4; lastKnownFileType = sourcecode.swift; path = OnboardingDataModel.swift; sourceTree = "<group>"; };
		ADF57A9E26CE7ECF008F570E /* OnboardingStepView.swift */ = {isa = PBXFileReference; fileEncoding = 4; lastKnownFileType = sourcecode.swift; path = OnboardingStepView.swift; sourceTree = "<group>"; };
		ADF57A9F26CE7ECF008F570E /* OnboardingViewPure.swift */ = {isa = PBXFileReference; fileEncoding = 4; lastKnownFileType = sourcecode.swift; path = OnboardingViewPure.swift; sourceTree = "<group>"; };
		ADF57AA426CE864C008F570E /* TabBarView.swift */ = {isa = PBXFileReference; lastKnownFileType = sourcecode.swift; path = TabBarView.swift; sourceTree = "<group>"; };
/* End PBXFileReference section */

/* Begin PBXFrameworksBuildPhase section */
		ADF57A4126CE39D2008F570E /* Frameworks */ = {
			isa = PBXFrameworksBuildPhase;
			buildActionMask = 2147483647;
			files = (
				AD62445226D022B600516DD5 /* AAInfographics in Frameworks */,
				AD0D9FBC26D55AD400C88FC6 /* ActivityIndicatorView in Frameworks */,
				ADF57A5826CE3A37008F570E /* Lottie in Frameworks */,
			);
			runOnlyForDeploymentPostprocessing = 0;
		};
/* End PBXFrameworksBuildPhase section */

/* Begin PBXGroup section */
		AD0D9FB026D4A15600C88FC6 /* NavigationSearchBar */ = {
			isa = PBXGroup;
			children = (
				AD0D9FB126D4A16500C88FC6 /* NavigationSearchBarModifier.swift */,
			);
			path = NavigationSearchBar;
			sourceTree = "<group>";
		};
		AD0D9FBD26D55C3600C88FC6 /* Loading View */ = {
			isa = PBXGroup;
			children = (
				AD0D9FBE26D55C4F00C88FC6 /* LoadingView.swift */,
			);
			path = "Loading View";
			sourceTree = "<group>";
		};
		AD62436126CEB05300516DD5 /* Tab View */ = {
			isa = PBXGroup;
			children = (
				ADC681B526D1FBA900E7F005 /* House */,
				AD6243E326D0074E00516DD5 /* PatentsView.swift */,
				AD6243E526D00F5500516DD5 /* TrademarkView.swift */,
				AD6243E726D0115600516DD5 /* CopyrightView.swift */,
				AD596E6926D35B2A003A67D4 /* TestTabbarNaviView.swift */,
			);
			path = "Tab View";
			sourceTree = "<group>";
		};
		AD62436426CEB2A900516DD5 /* Extension */ = {
			isa = PBXGroup;
			children = (
				AD62436526CEB2B900516DD5 /* View+innerShadow.swift */,
				ADC681B826D1FD9B00E7F005 /* View+NavigationBackButtonStyle.swift */,
			);
			path = Extension;
			sourceTree = "<group>";
		};
		AD62439326CF6CA100516DD5 /* 主页云图 */ = {
			isa = PBXGroup;
			children = (
				AD62439426CF6CAD00516DD5 /* BubbleView.swift */,
			);
			path = "主页云图";
			sourceTree = "<group>";
		};
		AD6243D426CFB21200516DD5 /* Sheet View */ = {
			isa = PBXGroup;
			children = (
				AD6243D526CFB22600516DD5 /* CustomSheetView.swift */,
			);
			path = "Sheet View";
			sourceTree = "<group>";
		};
		AD62445326D022D300516DD5 /* Chart View */ = {
			isa = PBXGroup;
			children = (
				AD62445426D022E300516DD5 /* PTCPeiChartView.swift */,
				AD62446026D0E7DE00516DD5 /* PTCYearColumnView.swift */,
				AD62449B26D11A5300516DD5 /* PercapitaChartView.swift */,
				AD62449D26D11BC800516DD5 /* IUAPieChartView.swift */,
				AD62449F26D11C7000516DD5 /* IUAChartView.swift */,
			);
			path = "Chart View";
			sourceTree = "<group>";
		};
		AD62448C26D0F52C00516DD5 /* Sources */ = {
			isa = PBXGroup;
			children = (
				AD0D9FB026D4A15600C88FC6 /* NavigationSearchBar */,
				AD62448D26D0F52C00516DD5 /* BottomSheet */,
			);
			path = Sources;
			sourceTree = "<group>";
		};
		AD62448D26D0F52C00516DD5 /* BottomSheet */ = {
			isa = PBXGroup;
			children = (
				AD62448E26D0F52C00516DD5 /* BottomSheetPosition.swift */,
				AD62448F26D0F52C00516DD5 /* BottomSheet.swift */,
				AD62449026D0F52C00516DD5 /* BottomSheetView.swift */,
				AD62449126D0F52C00516DD5 /* ViewExtension.swift */,
				AD62449226D0F52C00516DD5 /* HelperViews */,
			);
			path = BottomSheet;
			sourceTree = "<group>";
		};
		AD62449226D0F52C00516DD5 /* HelperViews */ = {
			isa = PBXGroup;
			children = (
				AD62449326D0F52C00516DD5 /* RoundedCorner.swift */,
				AD62449426D0F52C00516DD5 /* EffectView.swift */,
			);
			path = HelperViews;
			sourceTree = "<group>";
		};
		ADC681B526D1FBA900E7F005 /* House */ = {
			isa = PBXGroup;
			children = (
				AD62436226CEB06B00516DD5 /* HouseView.swift */,
				ADC681B626D1FBDC00E7F005 /* AnnouncementCenterView.swift */,
			);
			path = House;
			sourceTree = "<group>";
		};
		ADF57A3B26CE39D2008F570E = {
			isa = PBXGroup;
			children = (
				ADF57A4626CE39D2008F570E /* IPPlatformIOS */,
				ADF57A4526CE39D2008F570E /* Products */,
			);
			sourceTree = "<group>";
		};
		ADF57A4526CE39D2008F570E /* Products */ = {
			isa = PBXGroup;
			children = (
				ADF57A4426CE39D2008F570E /* IPPlatformIOS.app */,
			);
			name = Products;
			sourceTree = "<group>";
		};
		ADF57A4626CE39D2008F570E /* IPPlatformIOS */ = {
			isa = PBXGroup;
			children = (
				ADF57A7F26CE7D59008F570E /* MVVM */,
				ADF57A6C26CE4F7C008F570E /* Resource */,
				ADF57A6926CE49FD008F570E /* Localization */,
				ADF57A4726CE39D2008F570E /* IPPlatformIOSApp.swift */,
				ADF57A4926CE39D2008F570E /* ContentView.swift */,
				ADF57A4B26CE39D4008F570E /* Assets.xcassets */,
				ADF57A5026CE39D4008F570E /* Info.plist */,
				ADF57A4D26CE39D4008F570E /* Preview Content */,
			);
			path = IPPlatformIOS;
			sourceTree = "<group>";
		};
		ADF57A4D26CE39D4008F570E /* Preview Content */ = {
			isa = PBXGroup;
			children = (
				ADF57A4E26CE39D4008F570E /* Preview Assets.xcassets */,
			);
			path = "Preview Content";
			sourceTree = "<group>";
		};
		ADF57A5A26CE3A58008F570E /* Lottie View */ = {
			isa = PBXGroup;
			children = (
				ADC681B326D1F85900E7F005 /* HomeLogo.json */,
			);
			path = "Lottie View";
			sourceTree = "<group>";
		};
		ADF57A5D26CE3A89008F570E /* Launch View */ = {
			isa = PBXGroup;
			children = (
				ADF57A5E26CE3AA8008F570E /* LaunchView.swift */,
			);
			path = "Launch View";
			sourceTree = "<group>";
		};
		ADF57A6926CE49FD008F570E /* Localization */ = {
			isa = PBXGroup;
			children = (
				ADF57A6A26CE4A1F008F570E /* Content.swift */,
			);
			path = Localization;
			sourceTree = "<group>";
		};
		ADF57A6C26CE4F7C008F570E /* Resource */ = {
			isa = PBXGroup;
			children = (
				AD62448C26D0F52C00516DD5 /* Sources */,
				ADF57A6D26CE4F82008F570E /* Fonts */,
			);
			path = Resource;
			sourceTree = "<group>";
		};
		ADF57A6D26CE4F82008F570E /* Fonts */ = {
			isa = PBXGroup;
			children = (
				ADF57A6E26CE4FA8008F570E /* Montserrat-Bold.ttf */,
				ADF57A7026CE4FA8008F570E /* Montserrat-ExtraBold.ttf */,
				ADF57A6F26CE4FA8008F570E /* Montserrat-Regular.ttf */,
			);
			path = Fonts;
			sourceTree = "<group>";
		};
		ADF57A7726CE575D008F570E /* Component */ = {
			isa = PBXGroup;
			children = (
				ADF57A7426CE566C008F570E /* BackgroundView.swift */,
				ADF57A7826CE61A4008F570E /* CustomSecureField.swift */,
				ADF57A7A26CE65DE008F570E /* CustomButton.swift */,
			);
			path = Component;
			sourceTree = "<group>";
		};
		ADF57A7C26CE6ADD008F570E /* Home View */ = {
			isa = PBXGroup;
			children = (
				ADF57A7D26CE6AEA008F570E /* HomeView.swift */,
			);
			path = "Home View";
			sourceTree = "<group>";
		};
		ADF57A7F26CE7D59008F570E /* MVVM */ = {
			isa = PBXGroup;
			children = (
				ADF57A8026CE7D59008F570E /* ViewModel */,
				ADF57A8826CE7D59008F570E /* Services */,
				ADF57A8226CE7D59008F570E /* Repositories */,
				ADF57A8426CE7D59008F570E /* Models */,
				ADF57A8626CE7D59008F570E /* Views */,
			);
			path = MVVM;
			sourceTree = "<group>";
		};
		ADF57A8026CE7D59008F570E /* ViewModel */ = {
			isa = PBXGroup;
			children = (
				ADF57A8126CE7D59008F570E /* UserProfileViewModel.swift */,
				ADC681BC26D206E200E7F005 /* AnnouncenmentViewModel.swift */,
				AD596E6526D34713003A67D4 /* AppPageServerViewModel.swift */,
			);
			path = ViewModel;
			sourceTree = "<group>";
		};
		ADF57A8226CE7D59008F570E /* Repositories */ = {
			isa = PBXGroup;
			children = (
				ADF57A8326CE7D59008F570E /* UserRepository.swift */,
			);
			path = Repositories;
			sourceTree = "<group>";
		};
		ADF57A8426CE7D59008F570E /* Models */ = {
			isa = PBXGroup;
			children = (
				ADF57A8526CE7D59008F570E /* User.swift */,
				AD62445626D0242900516DD5 /* Enum.swift */,
				ADC681BA26D2063300E7F005 /* AnnouncementModel.swift */,
				ADC681BE26D20B8500E7F005 /* Utils.swift */,
			);
			path = Models;
			sourceTree = "<group>";
		};
		ADF57A8626CE7D59008F570E /* Views */ = {
			isa = PBXGroup;
			children = (
				AD62445326D022D300516DD5 /* Chart View */,
				AD62436426CEB2A900516DD5 /* Extension */,
				AD62436126CEB05300516DD5 /* Tab View */,
				ADF57A8F26CE7DC7008F570E /* Custom View */,
				ADF57A7C26CE6ADD008F570E /* Home View */,
				ADF57A7726CE575D008F570E /* Component */,
				ADF57A5D26CE3A89008F570E /* Launch View */,
				ADF57A5A26CE3A58008F570E /* Lottie View */,
				ADF57A8726CE7D59008F570E /* UserView.swift */,
			);
			path = Views;
			sourceTree = "<group>";
		};
		ADF57A8826CE7D59008F570E /* Services */ = {
			isa = PBXGroup;
			children = (
				ADF57A8926CE7D59008F570E /* UserApiService.swift */,
				AD0D9FB326D5551500C88FC6 /* NetworkService.swift */,
			);
			path = Services;
			sourceTree = "<group>";
		};
		ADF57A8F26CE7DC7008F570E /* Custom View */ = {
			isa = PBXGroup;
			children = (
				AD0D9FBD26D55C3600C88FC6 /* Loading View */,
				AD6243D426CFB21200516DD5 /* Sheet View */,
				AD62439326CF6CA100516DD5 /* 主页云图 */,
				ADF57AA326CE863D008F570E /* Tabbar View */,
				ADF57A9C26CE7ECF008F570E /* 引导页 */,
				ADF57A5B26CE3A66008F570E /* LottieView.swift */,
				ADF57A6326CE4142008F570E /* BlurView.swift */,
				ADF57A9026CE7DD8008F570E /* LazyView.swift */,
			);
			path = "Custom View";
			sourceTree = "<group>";
		};
		ADF57A9C26CE7ECF008F570E /* 引导页 */ = {
			isa = PBXGroup;
			children = (
				ADF57A9D26CE7ECF008F570E /* OnboardingDataModel.swift */,
				ADF57A9E26CE7ECF008F570E /* OnboardingStepView.swift */,
				ADF57A9F26CE7ECF008F570E /* OnboardingViewPure.swift */,
			);
			path = "引导页";
			sourceTree = "<group>";
		};
		ADF57AA326CE863D008F570E /* Tabbar View */ = {
			isa = PBXGroup;
			children = (
				AD62439B26CF9B8500516DD5 /* TabBar.swift */,
				AD62439A26CF9B8500516DD5 /* TabButton.swift */,
				ADF57AA426CE864C008F570E /* TabBarView.swift */,
			);
			path = "Tabbar View";
			sourceTree = "<group>";
		};
/* End PBXGroup section */

/* Begin PBXNativeTarget section */
		ADF57A4326CE39D2008F570E /* IPPlatformIOS */ = {
			isa = PBXNativeTarget;
			buildConfigurationList = ADF57A5326CE39D4008F570E /* Build configuration list for PBXNativeTarget "IPPlatformIOS" */;
			buildPhases = (
				ADF57A4026CE39D2008F570E /* Sources */,
				ADF57A4126CE39D2008F570E /* Frameworks */,
				ADF57A4226CE39D2008F570E /* Resources */,
			);
			buildRules = (
			);
			dependencies = (
			);
			name = IPPlatformIOS;
			packageProductDependencies = (
				ADF57A5726CE3A37008F570E /* Lottie */,
				AD62445126D022B600516DD5 /* AAInfographics */,
				AD0D9FBB26D55AD400C88FC6 /* ActivityIndicatorView */,
			);
			productName = IPPlatformIOS;
			productReference = ADF57A4426CE39D2008F570E /* IPPlatformIOS.app */;
			productType = "com.apple.product-type.application";
		};
/* End PBXNativeTarget section */

/* Begin PBXProject section */
		ADF57A3C26CE39D2008F570E /* Project object */ = {
			isa = PBXProject;
			attributes = {
				LastSwiftUpdateCheck = 1250;
				LastUpgradeCheck = 1250;
				TargetAttributes = {
					ADF57A4326CE39D2008F570E = {
						CreatedOnToolsVersion = 12.5.1;
					};
				};
			};
			buildConfigurationList = ADF57A3F26CE39D2008F570E /* Build configuration list for PBXProject "IPPlatformIOS" */;
			compatibilityVersion = "Xcode 9.3";
			developmentRegion = en;
			hasScannedForEncodings = 0;
			knownRegions = (
				en,
				Base,
			);
			mainGroup = ADF57A3B26CE39D2008F570E;
			packageReferences = (
				ADF57A5626CE3A37008F570E /* XCRemoteSwiftPackageReference "lottie-ios" */,
				AD62445026D022B600516DD5 /* XCRemoteSwiftPackageReference "AAChartKit-Swift" */,
				AD0D9FBA26D55AD400C88FC6 /* XCRemoteSwiftPackageReference "ActivityIndicatorView" */,
			);
			productRefGroup = ADF57A4526CE39D2008F570E /* Products */;
			projectDirPath = "";
			projectRoot = "";
			targets = (
				ADF57A4326CE39D2008F570E /* IPPlatformIOS */,
			);
		};
/* End PBXProject section */

/* Begin PBXResourcesBuildPhase section */
		ADF57A4226CE39D2008F570E /* Resources */ = {
			isa = PBXResourcesBuildPhase;
			buildActionMask = 2147483647;
			files = (
				ADF57A4F26CE39D4008F570E /* Preview Assets.xcassets in Resources */,
				ADF57A7226CE4FA8008F570E /* Montserrat-Regular.ttf in Resources */,
				ADF57A7126CE4FA8008F570E /* Montserrat-Bold.ttf in Resources */,
				ADC681B426D1F85900E7F005 /* HomeLogo.json in Resources */,
				ADF57A4C26CE39D4008F570E /* Assets.xcassets in Resources */,
				ADF57A7326CE4FA8008F570E /* Montserrat-ExtraBold.ttf in Resources */,
			);
			runOnlyForDeploymentPostprocessing = 0;
		};
/* End PBXResourcesBuildPhase section */

/* Begin PBXSourcesBuildPhase section */
		ADF57A4026CE39D2008F570E /* Sources */ = {
			isa = PBXSourcesBuildPhase;
			buildActionMask = 2147483647;
			files = (
				ADF57A8C26CE7D59008F570E /* User.swift in Sources */,
				ADC681B926D1FD9B00E7F005 /* View+NavigationBackButtonStyle.swift in Sources */,
				ADF57A7926CE61A4008F570E /* CustomSecureField.swift in Sources */,
				AD6244A026D11C7000516DD5 /* IUAChartView.swift in Sources */,
				ADC681BD26D206E200E7F005 /* AnnouncenmentViewModel.swift in Sources */,
				ADC681BF26D20B8500E7F005 /* Utils.swift in Sources */,
				AD62449E26D11BC800516DD5 /* IUAPieChartView.swift in Sources */,
				AD62449526D0F52C00516DD5 /* BottomSheetPosition.swift in Sources */,
				AD596E6626D34713003A67D4 /* AppPageServerViewModel.swift in Sources */,
				AD62446126D0E7DE00516DD5 /* PTCYearColumnView.swift in Sources */,
				AD0D9FB426D5551500C88FC6 /* NetworkService.swift in Sources */,
				ADF57A4A26CE39D2008F570E /* ContentView.swift in Sources */,
				AD0D9FBF26D55C4F00C88FC6 /* LoadingView.swift in Sources */,
				AD6243E626D00F5500516DD5 /* TrademarkView.swift in Sources */,
				ADF57A8B26CE7D59008F570E /* UserRepository.swift in Sources */,
				AD62449726D0F52C00516DD5 /* BottomSheetView.swift in Sources */,
				AD62449A26D0F52C00516DD5 /* EffectView.swift in Sources */,
				ADC681B726D1FBDC00E7F005 /* AnnouncementCenterView.swift in Sources */,
				ADC681BB26D2063300E7F005 /* AnnouncementModel.swift in Sources */,
				AD62445526D022E300516DD5 /* PTCPeiChartView.swift in Sources */,
				AD0D9FB226D4A16500C88FC6 /* NavigationSearchBarModifier.swift in Sources */,
				ADF57A9126CE7DD8008F570E /* LazyView.swift in Sources */,
				ADF57AA026CE7ECF008F570E /* OnboardingDataModel.swift in Sources */,
				AD6243E426D0074E00516DD5 /* PatentsView.swift in Sources */,
				ADF57A7B26CE65DE008F570E /* CustomButton.swift in Sources */,
				AD62449826D0F52C00516DD5 /* ViewExtension.swift in Sources */,
				ADF57A8E26CE7D59008F570E /* UserApiService.swift in Sources */,
				ADF57A7E26CE6AEA008F570E /* HomeView.swift in Sources */,
				AD6243E826D0115600516DD5 /* CopyrightView.swift in Sources */,
				AD62449926D0F52C00516DD5 /* RoundedCorner.swift in Sources */,
				AD62436326CEB06B00516DD5 /* HouseView.swift in Sources */,
				ADF57A5F26CE3AA8008F570E /* LaunchView.swift in Sources */,
				AD62449C26D11A5300516DD5 /* PercapitaChartView.swift in Sources */,
				AD62445726D0242900516DD5 /* Enum.swift in Sources */,
				AD62439C26CF9B8500516DD5 /* TabButton.swift in Sources */,
				AD6243D626CFB22600516DD5 /* CustomSheetView.swift in Sources */,
				ADF57A8A26CE7D59008F570E /* UserProfileViewModel.swift in Sources */,
				ADF57A6426CE4142008F570E /* BlurView.swift in Sources */,
				ADF57AA226CE7ECF008F570E /* OnboardingViewPure.swift in Sources */,
				ADF57A7526CE566C008F570E /* BackgroundView.swift in Sources */,
				ADF57A4826CE39D2008F570E /* IPPlatformIOSApp.swift in Sources */,
				AD596E6A26D35B2A003A67D4 /* TestTabbarNaviView.swift in Sources */,
				ADF57A5C26CE3A66008F570E /* LottieView.swift in Sources */,
				AD62439526CF6CAD00516DD5 /* BubbleView.swift in Sources */,
				AD62449626D0F52C00516DD5 /* BottomSheet.swift in Sources */,
				ADF57A6B26CE4A1F008F570E /* Content.swift in Sources */,
				ADF57A8D26CE7D59008F570E /* UserView.swift in Sources */,
				ADF57AA126CE7ECF008F570E /* OnboardingStepView.swift in Sources */,
				AD62436626CEB2B900516DD5 /* View+innerShadow.swift in Sources */,
			);
			runOnlyForDeploymentPostprocessing = 0;
		};
/* End PBXSourcesBuildPhase section */

/* Begin XCBuildConfiguration section */
		ADF57A5126CE39D4008F570E /* Debug */ = {
			isa = XCBuildConfiguration;
			buildSettings = {
				ALWAYS_SEARCH_USER_PATHS = NO;
				CLANG_ANALYZER_NONNULL = YES;
				CLANG_ANALYZER_NUMBER_OBJECT_CONVERSION = YES_AGGRESSIVE;
				CLANG_CXX_LANGUAGE_STANDARD = "gnu++14";
				CLANG_CXX_LIBRARY = "libc++";
				CLANG_ENABLE_MODULES = YES;
				CLANG_ENABLE_OBJC_ARC = YES;
				CLANG_ENABLE_OBJC_WEAK = YES;
				CLANG_WARN_BLOCK_CAPTURE_AUTORELEASING = YES;
				CLANG_WARN_BOOL_CONVERSION = YES;
				CLANG_WARN_COMMA = YES;
				CLANG_WARN_CONSTANT_CONVERSION = YES;
				CLANG_WARN_DEPRECATED_OBJC_IMPLEMENTATIONS = YES;
				CLANG_WARN_DIRECT_OBJC_ISA_USAGE = YES_ERROR;
				CLANG_WARN_DOCUMENTATION_COMMENTS = YES;
				CLANG_WARN_EMPTY_BODY = YES;
				CLANG_WARN_ENUM_CONVERSION = YES;
				CLANG_WARN_INFINITE_RECURSION = YES;
				CLANG_WARN_INT_CONVERSION = YES;
				CLANG_WARN_NON_LITERAL_NULL_CONVERSION = YES;
				CLANG_WARN_OBJC_IMPLICIT_RETAIN_SELF = YES;
				CLANG_WARN_OBJC_LITERAL_CONVERSION = YES;
				CLANG_WARN_OBJC_ROOT_CLASS = YES_ERROR;
				CLANG_WARN_QUOTED_INCLUDE_IN_FRAMEWORK_HEADER = YES;
				CLANG_WARN_RANGE_LOOP_ANALYSIS = YES;
				CLANG_WARN_STRICT_PROTOTYPES = YES;
				CLANG_WARN_SUSPICIOUS_MOVE = YES;
				CLANG_WARN_UNGUARDED_AVAILABILITY = YES_AGGRESSIVE;
				CLANG_WARN_UNREACHABLE_CODE = YES;
				CLANG_WARN__DUPLICATE_METHOD_MATCH = YES;
				COPY_PHASE_STRIP = NO;
				DEBUG_INFORMATION_FORMAT = dwarf;
				ENABLE_STRICT_OBJC_MSGSEND = YES;
				ENABLE_TESTABILITY = YES;
				GCC_C_LANGUAGE_STANDARD = gnu11;
				GCC_DYNAMIC_NO_PIC = NO;
				GCC_NO_COMMON_BLOCKS = YES;
				GCC_OPTIMIZATION_LEVEL = 0;
				GCC_PREPROCESSOR_DEFINITIONS = (
					"DEBUG=1",
					"$(inherited)",
				);
				GCC_WARN_64_TO_32_BIT_CONVERSION = YES;
				GCC_WARN_ABOUT_RETURN_TYPE = YES_ERROR;
				GCC_WARN_UNDECLARED_SELECTOR = YES;
				GCC_WARN_UNINITIALIZED_AUTOS = YES_AGGRESSIVE;
				GCC_WARN_UNUSED_FUNCTION = YES;
				GCC_WARN_UNUSED_VARIABLE = YES;
				IPHONEOS_DEPLOYMENT_TARGET = 14.5;
				MTL_ENABLE_DEBUG_INFO = INCLUDE_SOURCE;
				MTL_FAST_MATH = YES;
				ONLY_ACTIVE_ARCH = YES;
				SDKROOT = iphoneos;
				SWIFT_ACTIVE_COMPILATION_CONDITIONS = DEBUG;
				SWIFT_OPTIMIZATION_LEVEL = "-Onone";
			};
			name = Debug;
		};
		ADF57A5226CE39D4008F570E /* Release */ = {
			isa = XCBuildConfiguration;
			buildSettings = {
				ALWAYS_SEARCH_USER_PATHS = NO;
				CLANG_ANALYZER_NONNULL = YES;
				CLANG_ANALYZER_NUMBER_OBJECT_CONVERSION = YES_AGGRESSIVE;
				CLANG_CXX_LANGUAGE_STANDARD = "gnu++14";
				CLANG_CXX_LIBRARY = "libc++";
				CLANG_ENABLE_MODULES = YES;
				CLANG_ENABLE_OBJC_ARC = YES;
				CLANG_ENABLE_OBJC_WEAK = YES;
				CLANG_WARN_BLOCK_CAPTURE_AUTORELEASING = YES;
				CLANG_WARN_BOOL_CONVERSION = YES;
				CLANG_WARN_COMMA = YES;
				CLANG_WARN_CONSTANT_CONVERSION = YES;
				CLANG_WARN_DEPRECATED_OBJC_IMPLEMENTATIONS = YES;
				CLANG_WARN_DIRECT_OBJC_ISA_USAGE = YES_ERROR;
				CLANG_WARN_DOCUMENTATION_COMMENTS = YES;
				CLANG_WARN_EMPTY_BODY = YES;
				CLANG_WARN_ENUM_CONVERSION = YES;
				CLANG_WARN_INFINITE_RECURSION = YES;
				CLANG_WARN_INT_CONVERSION = YES;
				CLANG_WARN_NON_LITERAL_NULL_CONVERSION = YES;
				CLANG_WARN_OBJC_IMPLICIT_RETAIN_SELF = YES;
				CLANG_WARN_OBJC_LITERAL_CONVERSION = YES;
				CLANG_WARN_OBJC_ROOT_CLASS = YES_ERROR;
				CLANG_WARN_QUOTED_INCLUDE_IN_FRAMEWORK_HEADER = YES;
				CLANG_WARN_RANGE_LOOP_ANALYSIS = YES;
				CLANG_WARN_STRICT_PROTOTYPES = YES;
				CLANG_WARN_SUSPICIOUS_MOVE = YES;
				CLANG_WARN_UNGUARDED_AVAILABILITY = YES_AGGRESSIVE;
				CLANG_WARN_UNREACHABLE_CODE = YES;
				CLANG_WARN__DUPLICATE_METHOD_MATCH = YES;
				COPY_PHASE_STRIP = NO;
				DEBUG_INFORMATION_FORMAT = "dwarf-with-dsym";
				ENABLE_NS_ASSERTIONS = NO;
				ENABLE_STRICT_OBJC_MSGSEND = YES;
				GCC_C_LANGUAGE_STANDARD = gnu11;
				GCC_NO_COMMON_BLOCKS = YES;
				GCC_WARN_64_TO_32_BIT_CONVERSION = YES;
				GCC_WARN_ABOUT_RETURN_TYPE = YES_ERROR;
				GCC_WARN_UNDECLARED_SELECTOR = YES;
				GCC_WARN_UNINITIALIZED_AUTOS = YES_AGGRESSIVE;
				GCC_WARN_UNUSED_FUNCTION = YES;
				GCC_WARN_UNUSED_VARIABLE = YES;
				IPHONEOS_DEPLOYMENT_TARGET = 14.5;
				MTL_ENABLE_DEBUG_INFO = NO;
				MTL_FAST_MATH = YES;
				SDKROOT = iphoneos;
				SWIFT_COMPILATION_MODE = wholemodule;
				SWIFT_OPTIMIZATION_LEVEL = "-O";
				VALIDATE_PRODUCT = YES;
			};
			name = Release;
		};
		ADF57A5426CE39D4008F570E /* Debug */ = {
			isa = XCBuildConfiguration;
			buildSettings = {
				ASSETCATALOG_COMPILER_APPICON_NAME = AppIcon;
				ASSETCATALOG_COMPILER_GLOBAL_ACCENT_COLOR_NAME = AccentColor;
				CODE_SIGN_STYLE = Automatic;
				DEVELOPMENT_ASSET_PATHS = "\"IPPlatformIOS/Preview Content\"";
				DEVELOPMENT_TEAM = LHAYGSB5VA;
				ENABLE_PREVIEWS = YES;
				INFOPLIST_FILE = IPPlatformIOS/Info.plist;
				IPHONEOS_DEPLOYMENT_TARGET = 14.0;
				LD_RUNPATH_SEARCH_PATHS = (
					"$(inherited)",
					"@executable_path/Frameworks",
				);
				PRODUCT_BUNDLE_IDENTIFIER = com.chr1s78.IPPlatformIOS;
				PRODUCT_NAME = "$(TARGET_NAME)";
				SWIFT_VERSION = 5.0;
				TARGETED_DEVICE_FAMILY = "1,2";
			};
			name = Debug;
		};
		ADF57A5526CE39D4008F570E /* Release */ = {
			isa = XCBuildConfiguration;
			buildSettings = {
				ASSETCATALOG_COMPILER_APPICON_NAME = AppIcon;
				ASSETCATALOG_COMPILER_GLOBAL_ACCENT_COLOR_NAME = AccentColor;
				CODE_SIGN_STYLE = Automatic;
				DEVELOPMENT_ASSET_PATHS = "\"IPPlatformIOS/Preview Content\"";
				DEVELOPMENT_TEAM = LHAYGSB5VA;
				ENABLE_PREVIEWS = YES;
				INFOPLIST_FILE = IPPlatformIOS/Info.plist;
				IPHONEOS_DEPLOYMENT_TARGET = 14.0;
				LD_RUNPATH_SEARCH_PATHS = (
					"$(inherited)",
					"@executable_path/Frameworks",
				);
				PRODUCT_BUNDLE_IDENTIFIER = com.chr1s78.IPPlatformIOS;
				PRODUCT_NAME = "$(TARGET_NAME)";
				SWIFT_VERSION = 5.0;
				TARGETED_DEVICE_FAMILY = "1,2";
			};
			name = Release;
		};
/* End XCBuildConfiguration section */

/* Begin XCConfigurationList section */
		ADF57A3F26CE39D2008F570E /* Build configuration list for PBXProject "IPPlatformIOS" */ = {
			isa = XCConfigurationList;
			buildConfigurations = (
				ADF57A5126CE39D4008F570E /* Debug */,
				ADF57A5226CE39D4008F570E /* Release */,
			);
			defaultConfigurationIsVisible = 0;
			defaultConfigurationName = Release;
		};
		ADF57A5326CE39D4008F570E /* Build configuration list for PBXNativeTarget "IPPlatformIOS" */ = {
			isa = XCConfigurationList;
			buildConfigurations = (
				ADF57A5426CE39D4008F570E /* Debug */,
				ADF57A5526CE39D4008F570E /* Release */,
			);
			defaultConfigurationIsVisible = 0;
			defaultConfigurationName = Release;
		};
/* End XCConfigurationList section */

/* Begin XCRemoteSwiftPackageReference section */
		AD0D9FBA26D55AD400C88FC6 /* XCRemoteSwiftPackageReference "ActivityIndicatorView" */ = {
			isa = XCRemoteSwiftPackageReference;
			repositoryURL = "https://gitee.com/chr1s78/ActivityIndicatorView.git";
			requirement = {
				kind = upToNextMajorVersion;
				minimumVersion = 0.0.7;
			};
		};
		AD62445026D022B600516DD5 /* XCRemoteSwiftPackageReference "AAChartKit-Swift" */ = {
			isa = XCRemoteSwiftPackageReference;
			repositoryURL = "https://gitee.com/chr1s78/AAChartKit-Swift.git";
			requirement = {
				kind = upToNextMajorVersion;
				minimumVersion = 6.0.0;
			};
		};
		ADF57A5626CE3A37008F570E /* XCRemoteSwiftPackageReference "lottie-ios" */ = {
			isa = XCRemoteSwiftPackageReference;
			repositoryURL = "https://gitee.com/chr1s78/lottie-ios.git";
			requirement = {
				kind = upToNextMajorVersion;
				minimumVersion = 3.2.3;
			};
		};
/* End XCRemoteSwiftPackageReference section */

/* Begin XCSwiftPackageProductDependency section */
		AD0D9FBB26D55AD400C88FC6 /* ActivityIndicatorView */ = {
			isa = XCSwiftPackageProductDependency;
			package = AD0D9FBA26D55AD400C88FC6 /* XCRemoteSwiftPackageReference "ActivityIndicatorView" */;
			productName = ActivityIndicatorView;
		};
		AD62445126D022B600516DD5 /* AAInfographics */ = {
			isa = XCSwiftPackageProductDependency;
			package = AD62445026D022B600516DD5 /* XCRemoteSwiftPackageReference "AAChartKit-Swift" */;
			productName = AAInfographics;
		};
		ADF57A5726CE3A37008F570E /* Lottie */ = {
			isa = XCSwiftPackageProductDependency;
			package = ADF57A5626CE3A37008F570E /* XCRemoteSwiftPackageReference "lottie-ios" */;
			productName = Lottie;
		};
/* End XCSwiftPackageProductDependency section */
	};
	rootObject = ADF57A3C26CE39D2008F570E /* Project object */;
}
